PODS:
  - ADUtils (10.1.0):
    - ADUtils/objc (= 10.1.0)
  - ADUtils/objc (10.1.0):
    - ADUtils/Swift
  - ADUtils/Swift (10.1.0)
  - NavigationBarExtension (0.1.0):
    - ADUtils (~> 10.1)

DEPENDENCIES:
  - ADUtils (~> 10.1)
  - NavigationBarExtension (from `../`)

SPEC REPOS:
  trunk:
    - ADUtils

EXTERNAL SOURCES:
  NavigationBarExtension:
    :path: "../"

SPEC CHECKSUMS:
  ADUtils: a88c87c869e8166f3ebdb9523b6940936f7c819a
  NavigationBarExtension: ceadbf5d91d35716e8c88d59ce80147cea6d21b7

PODFILE CHECKSUM: 76fa79133a6caee44689993add55c9519b8ea163

COCOAPODS: 1.8.3
