PODS:
  - ADNavigationBarExtension (0.1.0):
    - ADUtils (~> 10.1)
  - ADUtils (10.1.0):
    - ADUtils/objc (= 10.1.0)
  - ADUtils/objc (10.1.0):
    - ADUtils/Swift
  - ADUtils/Swift (10.1.0)

DEPENDENCIES:
  - ADNavigationBarExtension (from `../`)
  - ADUtils (~> 10.1)

SPEC REPOS:
  trunk:
    - ADUtils

EXTERNAL SOURCES:
  ADNavigationBarExtension:
    :path: "../"

SPEC CHECKSUMS:
  ADNavigationBarExtension: 2a6c86fb369a42b7a617530d90745a26144dca68
  ADUtils: a88c87c869e8166f3ebdb9523b6940936f7c819a

PODFILE CHECKSUM: d7879b8fc3e8be267bd760983f14d6a3d8a048de

COCOAPODS: 1.8.3
