PODS:
  - ADNavigationBarExtension (1.0.2):
    - ADUtils (~> 11.0)
  - ADUtils (11.0.0):
    - ADUtils/objc (= 11.0.0)
  - ADUtils/objc (11.0.0):
    - ADUtils/Swift
  - ADUtils/Swift (11.0.0)
  - SwiftLint (0.39.2)

DEPENDENCIES:
  - ADNavigationBarExtension (from `./`)
  - ADUtils (~> 11.0)
  - SwiftLint (~> 0.39.1)

SPEC REPOS:
  trunk:
    - ADUtils
    - SwiftLint

EXTERNAL SOURCES:
  ADNavigationBarExtension:
    :path: "./"

SPEC CHECKSUMS:
  ADNavigationBarExtension: f7f791cbad7ca548cf007f582e3d12907583f109
  ADUtils: 5f5f1ad7a097dcf7104f9c160bc23a30d7943eb8
  SwiftLint: 22ccbbe3b8008684be5955693bab135e0ed6a447

PODFILE CHECKSUM: 680a1e183edb00544c8954221900e5976c9977fe

COCOAPODS: 1.8.3
